
Microsoft Visual Studio Solution File, Format Version 12.00
# Visual Studio Version 17
VisualStudioVersion = 17.11.35208.52
MinimumVisualStudioVersion = 10.0.40219.1
Project("{FAE04EC0-301F-11D3-BF4B-00C04F79EFBC}") = "HelloWorld", "HelloWorld\HelloWorld.csproj", "{666FD6F6-6EEF-402F-AC1D-FFB42C0C4DC6}"
EndProject
Global
	GlobalSection(SolutionConfigurationPlatforms) = preSolution
		Debug|Any CPU = Debug|Any CPU
		Release|Any CPU = Release|Any CPU
	EndGlobalSection
	GlobalSection(ProjectConfigurationPlatforms) = postSolution
		{666FD6F6-6EEF-402F-AC1D-FFB42C0C4DC6}.Debug|Any CPU.ActiveCfg = Debug|Any CPU
		{666FD6F6-6EEF-402F-AC1D-FFB42C0C4DC6}.Debug|Any CPU.Build.0 = Debug|Any CPU
		{666FD6F6-6EEF-402F-AC1D-FFB42C0C4DC6}.Release|Any CPU.ActiveCfg = Release|Any CPU
		{666FD6F6-6EEF-402F-AC1D-FFB42C0C4DC6}.Release|Any CPU.Build.0 = Release|Any CPU
	EndGlobalSection
	GlobalSection(SolutionProperties) = preSolution
		HideSolutionNode = FALSE
	EndGlobalSection
	GlobalSection(ExtensibilityGlobals) = postSolution
		SolutionGuid = {BE2A6F8A-02A3-42A5-80E2-F1A49F9B39AA}
	EndGlobalSection
EndGlobal
